
Microsoft Visual Studio Solution File, Format Version 12.00
Project("{FAE04EC0-301F-11D3-BF4B-00C04F79EFBC}") = "Bibim", "Bibim\Bibim.csproj", "{0DB9BDB0-17AC-4083-90EC-6B087EE26ECF}"
EndProject
Project("{2150E333-8FDC-42A3-9474-1A3956D46DE8}") = "Services", "Services", "{2DC4130B-5C93-4944-912C-6DBAF063E82B}"
EndProject
Project("{FAE04EC0-301F-11D3-BF4B-00C04F79EFBC}") = "Abstractions", "Services\Abstractions\Abstractions.csproj", "{62EC6029-E67F-477F-BD2B-39AA100D96EB}"
EndProject
Project("{FAE04EC0-301F-11D3-BF4B-00C04F79EFBC}") = "AudioQueue", "Services\AudioQueue\AudioQueue.csproj", "{BA4106F4-A597-429E-802B-8D5D1FD65B16}"
EndProject
Project("{FAE04EC0-301F-11D3-BF4B-00C04F79EFBC}") = "YouTube", "Services\YouTube\YouTube.csproj", "{FE71B437-480A-40F9-8D15-A1F0A244FFB2}"
EndProject
Project("{FAE04EC0-301F-11D3-BF4B-00C04F79EFBC}") = "Discord", "Services\Discord\Discord.csproj", "{40E3A060-5FF0-4B5A-BC59-46CAD8935D4A}"
EndProject
Global
	GlobalSection(SolutionConfigurationPlatforms) = preSolution
		Debug|Any CPU = Debug|Any CPU
		Release|Any CPU = Release|Any CPU
	EndGlobalSection
	GlobalSection(ProjectConfigurationPlatforms) = postSolution
		{0DB9BDB0-17AC-4083-90EC-6B087EE26ECF}.Debug|Any CPU.ActiveCfg = Debug|Any CPU
		{0DB9BDB0-17AC-4083-90EC-6B087EE26ECF}.Debug|Any CPU.Build.0 = Debug|Any CPU
		{0DB9BDB0-17AC-4083-90EC-6B087EE26ECF}.Release|Any CPU.ActiveCfg = Release|Any CPU
		{0DB9BDB0-17AC-4083-90EC-6B087EE26ECF}.Release|Any CPU.Build.0 = Release|Any CPU
		{62EC6029-E67F-477F-BD2B-39AA100D96EB}.Debug|Any CPU.ActiveCfg = Debug|Any CPU
		{62EC6029-E67F-477F-BD2B-39AA100D96EB}.Debug|Any CPU.Build.0 = Debug|Any CPU
		{62EC6029-E67F-477F-BD2B-39AA100D96EB}.Release|Any CPU.ActiveCfg = Release|Any CPU
		{62EC6029-E67F-477F-BD2B-39AA100D96EB}.Release|Any CPU.Build.0 = Release|Any CPU
		{BA4106F4-A597-429E-802B-8D5D1FD65B16}.Debug|Any CPU.ActiveCfg = Debug|Any CPU
		{BA4106F4-A597-429E-802B-8D5D1FD65B16}.Debug|Any CPU.Build.0 = Debug|Any CPU
		{BA4106F4-A597-429E-802B-8D5D1FD65B16}.Release|Any CPU.ActiveCfg = Release|Any CPU
		{BA4106F4-A597-429E-802B-8D5D1FD65B16}.Release|Any CPU.Build.0 = Release|Any CPU
		{FE71B437-480A-40F9-8D15-A1F0A244FFB2}.Debug|Any CPU.ActiveCfg = Debug|Any CPU
		{FE71B437-480A-40F9-8D15-A1F0A244FFB2}.Debug|Any CPU.Build.0 = Debug|Any CPU
		{FE71B437-480A-40F9-8D15-A1F0A244FFB2}.Release|Any CPU.ActiveCfg = Release|Any CPU
		{FE71B437-480A-40F9-8D15-A1F0A244FFB2}.Release|Any CPU.Build.0 = Release|Any CPU
		{40E3A060-5FF0-4B5A-BC59-46CAD8935D4A}.Debug|Any CPU.ActiveCfg = Debug|Any CPU
		{40E3A060-5FF0-4B5A-BC59-46CAD8935D4A}.Debug|Any CPU.Build.0 = Debug|Any CPU
		{40E3A060-5FF0-4B5A-BC59-46CAD8935D4A}.Release|Any CPU.ActiveCfg = Release|Any CPU
		{40E3A060-5FF0-4B5A-BC59-46CAD8935D4A}.Release|Any CPU.Build.0 = Release|Any CPU
	EndGlobalSection
	GlobalSection(NestedProjects) = preSolution
		{62EC6029-E67F-477F-BD2B-39AA100D96EB} = {2DC4130B-5C93-4944-912C-6DBAF063E82B}
		{BA4106F4-A597-429E-802B-8D5D1FD65B16} = {2DC4130B-5C93-4944-912C-6DBAF063E82B}
		{FE71B437-480A-40F9-8D15-A1F0A244FFB2} = {2DC4130B-5C93-4944-912C-6DBAF063E82B}
		{40E3A060-5FF0-4B5A-BC59-46CAD8935D4A} = {2DC4130B-5C93-4944-912C-6DBAF063E82B}
	EndGlobalSection
EndGlobal
