# This file is generated by running "yarn install" inside your project.
# Manual changes might be lost - proceed with caution!

__metadata:
  version: 8
  cacheKey: 10c0

"@bibim/prettier-config@workspace:^, @bibim/prettier-config@workspace:packages/prettier-config":
  version: 0.0.0-use.local
  resolution: "@bibim/prettier-config@workspace:packages/prettier-config"
  dependencies:
    "@types/node": "npm:^22.13.10"
    prettier: "npm:3.5.3"
    prettier-plugin-sql: "npm:0.18.1"
    prettier-plugin-toml: "npm:2.0.2"
    typescript: "npm:^5.8.2"
  peerDependencies:
    prettier: "*"
  languageName: unknown
  linkType: soft

"@taplo/core@npm:^0.1.0":
  version: 0.1.1
  resolution: "@taplo/core@npm:0.1.1"
  checksum: 10c0/c36f761431b2e959742d8e186e74306fb8991d84589e2f03b6481244cc407275fa448a217ef87b8aa1e226615fd7ba85c60e6f0221f01d891b90dd30b45cb13b
  languageName: node
  linkType: hard

"@taplo/lib@npm:^0.4.0-alpha.2":
  version: 0.4.0-alpha.2
  resolution: "@taplo/lib@npm:0.4.0-alpha.2"
  dependencies:
    "@taplo/core": "npm:^0.1.0"
  checksum: 10c0/650ed35ba949054eb8dcfbaf77d6154d9639f5d8fa96d89546c399a95e699d7e01f65e308f89478d41e0120baa3572f25595fe088d19e62cc56ad3eb2b5acbb5
  languageName: node
  linkType: hard

"@types/node@npm:^22.13.10":
  version: 22.13.10
  resolution: "@types/node@npm:22.13.10"
  dependencies:
    undici-types: "npm:~6.20.0"
  checksum: 10c0/a3865f9503d6f718002374f7b87efaadfae62faa499c1a33b12c527cfb9fd86f733e1a1b026b80c5a0e4a965701174bc3305595a7d36078aa1abcf09daa5dee9
  languageName: node
  linkType: hard

"argparse@npm:^2.0.1":
  version: 2.0.1
  resolution: "argparse@npm:2.0.1"
  checksum: 10c0/c5640c2d89045371c7cedd6a70212a04e360fd34d6edeae32f6952c63949e3525ea77dbec0289d8213a99bbaeab5abfa860b5c12cf88a2e6cf8106e90dd27a7e
  languageName: node
  linkType: hard

"bibim@workspace:.":
  version: 0.0.0-use.local
  resolution: "bibim@workspace:."
  dependencies:
    "@bibim/prettier-config": "workspace:^"
    prettier: "npm:3.5.3"
    turbo: "npm:^2.4.4"
  languageName: unknown
  linkType: soft

"big-integer@npm:^1.6.48":
  version: 1.6.52
  resolution: "big-integer@npm:1.6.52"
  checksum: 10c0/9604224b4c2ab3c43c075d92da15863077a9f59e5d4205f4e7e76acd0cd47e8d469ec5e5dba8d9b32aa233951893b29329ca56ac80c20ce094b4a647a66abae0
  languageName: node
  linkType: hard

"commander@npm:^2.19.0":
  version: 2.20.3
  resolution: "commander@npm:2.20.3"
  checksum: 10c0/74c781a5248c2402a0a3e966a0a2bba3c054aad144f5c023364be83265e796b20565aa9feff624132ff629aa64e16999fa40a743c10c12f7c61e96a794b99288
  languageName: node
  linkType: hard

"discontinuous-range@npm:1.0.0":
  version: 1.0.0
  resolution: "discontinuous-range@npm:1.0.0"
  checksum: 10c0/487b105f83c1cc528e25e65d3c4b73958ec79769b7bd0e264414702a23a7e2b282c72982b4bef4af29fcab53f47816c3f0a5c40d85a99a490f4bc35b83dc00f8
  languageName: node
  linkType: hard

"get-stdin@npm:=8.0.0":
  version: 8.0.0
  resolution: "get-stdin@npm:8.0.0"
  checksum: 10c0/b71b72b83928221052f713b3b6247ebf1ceaeb4ef76937778557537fd51ad3f586c9e6a7476865022d9394b39b74eed1dc7514052fa74d80625276253571b76f
  languageName: node
  linkType: hard

"jsox@npm:^1.2.119":
  version: 1.2.121
  resolution: "jsox@npm:1.2.121"
  bin:
    jsox: lib/cli.js
  checksum: 10c0/880bbe067dc670e3ccd6282e91aa1f4076ce9fbdb44b61ebb4a330ea7ddf9f46bc92cc1696280cbcf050eeaf23c97637acf35258669c12b33acd8a4314d72c49
  languageName: node
  linkType: hard

"moo@npm:^0.5.0":
  version: 0.5.2
  resolution: "moo@npm:0.5.2"
  checksum: 10c0/a9d9ad8198a51fe35d297f6e9fdd718298ca0b39a412e868a0ebd92286379ab4533cfc1f1f34516177f5129988ab25fe598f78e77c84e3bfe0d4a877b56525a8
  languageName: node
  linkType: hard

"nearley@npm:^2.20.1":
  version: 2.20.1
  resolution: "nearley@npm:2.20.1"
  dependencies:
    commander: "npm:^2.19.0"
    moo: "npm:^0.5.0"
    railroad-diagrams: "npm:^1.0.0"
    randexp: "npm:0.4.6"
  bin:
    nearley-railroad: bin/nearley-railroad.js
    nearley-test: bin/nearley-test.js
    nearley-unparse: bin/nearley-unparse.js
    nearleyc: bin/nearleyc.js
  checksum: 10c0/d25e1fd40b19c53a0ada6a688670f4a39063fd9553ab62885e81a82927d51572ce47193b946afa3d85efa608ba2c68f433c421f69b854bfb7f599eacb5fae37e
  languageName: node
  linkType: hard

"node-sql-parser@npm:^4.12.0":
  version: 4.18.0
  resolution: "node-sql-parser@npm:4.18.0"
  dependencies:
    big-integer: "npm:^1.6.48"
  checksum: 10c0/0dd428f579326c802219acfc2fbbde2bbf775b302f02601861c8ec0df0df433a332e5d022eee882523475f81ce9681692eca982751577d452e1105551f2aa734
  languageName: node
  linkType: hard

"prettier-plugin-sql@npm:0.18.1":
  version: 0.18.1
  resolution: "prettier-plugin-sql@npm:0.18.1"
  dependencies:
    jsox: "npm:^1.2.119"
    node-sql-parser: "npm:^4.12.0"
    sql-formatter: "npm:^15.0.2"
    tslib: "npm:^2.6.2"
  peerDependencies:
    prettier: ^3.0.3
  checksum: 10c0/876c36f5de041bf21142d8fa451f962e0693bced41aeda113edddb0d44b54f6c32eaff0e2043004522adbb775bb249f84b72ee380a04c8c5a0097f4ce98685aa
  languageName: node
  linkType: hard

"prettier-plugin-toml@npm:2.0.2":
  version: 2.0.2
  resolution: "prettier-plugin-toml@npm:2.0.2"
  dependencies:
    "@taplo/lib": "npm:^0.4.0-alpha.2"
  peerDependencies:
    prettier: ^3.0.3
  checksum: 10c0/e48c8d4e6eaf422a09adab7fe0b7edb23bac703a1d15e462f2c8531c3b0edaf4e00a5a1f794732aaf7788628f40d7c704d82e2d72ccdba00741f94128cb67aa3
  languageName: node
  linkType: hard

"prettier@npm:3.5.3":
  version: 3.5.3
  resolution: "prettier@npm:3.5.3"
  bin:
    prettier: bin/prettier.cjs
  checksum: 10c0/3880cb90b9dc0635819ab52ff571518c35bd7f15a6e80a2054c05dbc8a3aa6e74f135519e91197de63705bcb38388ded7e7230e2178432a1468005406238b877
  languageName: node
  linkType: hard

"railroad-diagrams@npm:^1.0.0":
  version: 1.0.0
  resolution: "railroad-diagrams@npm:1.0.0"
  checksum: 10c0/81bf8f86870a69fb9ed243102db9ad6416d09c4cb83964490d44717690e07dd982f671503236a1f8af28f4cb79d5d7a87613930f10ac08defa845ceb6764e364
  languageName: node
  linkType: hard

"randexp@npm:0.4.6":
  version: 0.4.6
  resolution: "randexp@npm:0.4.6"
  dependencies:
    discontinuous-range: "npm:1.0.0"
    ret: "npm:~0.1.10"
  checksum: 10c0/14ee14b6d7f5ce69609b51cc914fb7a7c82ad337820a141c5f762c5ad1fe868f5191ea6e82359aee019b625ee1359486628fa833909d12c3b5dd9571908c3345
  languageName: node
  linkType: hard

"ret@npm:~0.1.10":
  version: 0.1.15
  resolution: "ret@npm:0.1.15"
  checksum: 10c0/01f77cad0f7ea4f955852c03d66982609893edc1240c0c964b4c9251d0f9fb6705150634060d169939b096d3b77f4c84d6b6098a5b5d340160898c8581f1f63f
  languageName: node
  linkType: hard

"sql-formatter@npm:^15.0.2":
  version: 15.4.11
  resolution: "sql-formatter@npm:15.4.11"
  dependencies:
    argparse: "npm:^2.0.1"
    get-stdin: "npm:=8.0.0"
    nearley: "npm:^2.20.1"
  bin:
    sql-formatter: bin/sql-formatter-cli.cjs
  checksum: 10c0/a61f252d6d71face6693a41e5b6a689c913f9bf88a37c3410bdf24a0858da552cbac336a9dc2a254e876fdc2f77026465b55425b1c9f15c4afa2f6218c22d80f
  languageName: node
  linkType: hard

"tslib@npm:^2.6.2":
  version: 2.8.1
  resolution: "tslib@npm:2.8.1"
  checksum: 10c0/9c4759110a19c53f992d9aae23aac5ced636e99887b51b9e61def52611732872ff7668757d4e4c61f19691e36f4da981cd9485e869b4a7408d689f6bf1f14e62
  languageName: node
  linkType: hard

"turbo-darwin-64@npm:2.4.4":
  version: 2.4.4
  resolution: "turbo-darwin-64@npm:2.4.4"
  conditions: os=darwin & cpu=x64
  languageName: node
  linkType: hard

"turbo-darwin-arm64@npm:2.4.4":
  version: 2.4.4
  resolution: "turbo-darwin-arm64@npm:2.4.4"
  conditions: os=darwin & cpu=arm64
  languageName: node
  linkType: hard

"turbo-linux-64@npm:2.4.4":
  version: 2.4.4
  resolution: "turbo-linux-64@npm:2.4.4"
  conditions: os=linux & cpu=x64
  languageName: node
  linkType: hard

"turbo-linux-arm64@npm:2.4.4":
  version: 2.4.4
  resolution: "turbo-linux-arm64@npm:2.4.4"
  conditions: os=linux & cpu=arm64
  languageName: node
  linkType: hard

"turbo-windows-64@npm:2.4.4":
  version: 2.4.4
  resolution: "turbo-windows-64@npm:2.4.4"
  conditions: os=win32 & cpu=x64
  languageName: node
  linkType: hard

"turbo-windows-arm64@npm:2.4.4":
  version: 2.4.4
  resolution: "turbo-windows-arm64@npm:2.4.4"
  conditions: os=win32 & cpu=arm64
  languageName: node
  linkType: hard

"turbo@npm:^2.4.4":
  version: 2.4.4
  resolution: "turbo@npm:2.4.4"
  dependencies:
    turbo-darwin-64: "npm:2.4.4"
    turbo-darwin-arm64: "npm:2.4.4"
    turbo-linux-64: "npm:2.4.4"
    turbo-linux-arm64: "npm:2.4.4"
    turbo-windows-64: "npm:2.4.4"
    turbo-windows-arm64: "npm:2.4.4"
  dependenciesMeta:
    turbo-darwin-64:
      optional: true
    turbo-darwin-arm64:
      optional: true
    turbo-linux-64:
      optional: true
    turbo-linux-arm64:
      optional: true
    turbo-windows-64:
      optional: true
    turbo-windows-arm64:
      optional: true
  bin:
    turbo: bin/turbo
  checksum: 10c0/e6810cf33835bf9fba4d037a70054b408854073b03d10747bd9a681d2889dfc1897a4a4570113006ca2639fed8a4f91b86b052d4d8111e119895f1fb1804f233
  languageName: node
  linkType: hard

"typescript@npm:^5.8.2":
  version: 5.8.2
  resolution: "typescript@npm:5.8.2"
  bin:
    tsc: bin/tsc
    tsserver: bin/tsserver
  checksum: 10c0/5c4f6fbf1c6389b6928fe7b8fcd5dc73bb2d58cd4e3883f1d774ed5bd83b151cbac6b7ecf11723de56d4676daeba8713894b1e9af56174f2f9780ae7848ec3c6
  languageName: node
  linkType: hard

"typescript@patch:typescript@npm%3A^5.8.2#optional!builtin<compat/typescript>":
  version: 5.8.2
  resolution: "typescript@patch:typescript@npm%3A5.8.2#optional!builtin<compat/typescript>::version=5.8.2&hash=5786d5"
  bin:
    tsc: bin/tsc
    tsserver: bin/tsserver
  checksum: 10c0/5448a08e595cc558ab321e49d4cac64fb43d1fa106584f6ff9a8d8e592111b373a995a1d5c7f3046211c8a37201eb6d0f1566f15cdb7a62a5e3be01d087848e2
  languageName: node
  linkType: hard

"undici-types@npm:~6.20.0":
  version: 6.20.0
  resolution: "undici-types@npm:6.20.0"
  checksum: 10c0/68e659a98898d6a836a9a59e6adf14a5d799707f5ea629433e025ac90d239f75e408e2e5ff086afc3cace26f8b26ee52155293564593fbb4a2f666af57fc59bf
  languageName: node
  linkType: hard
